
Microsoft Visual Studio Solution File, Format Version 12.00
Project("{2150E333-8FDC-42A3-9474-1A3956D46DE8}") = "src", "src", "{505917C3-4C1E-4552-B174-2584B36867B0}"
EndProject
Project("{2150E333-8FDC-42A3-9474-1A3956D46DE8}") = "core", "core", "{A2448AE7-0E25-488D-A211-0850447CD262}"
EndProject
Project("{FAE04EC0-301F-11D3-BF4B-00C04F79EFBC}") = "OperationResult", "src\core\tools\OperationResult\OperationResult.csproj", "{6B5B3C19-39D5-48FB-A6FB-BE6E832522FC}"
EndProject
Project("{2150E333-8FDC-42A3-9474-1A3956D46DE8}") = "tools", "tools", "{C07502A9-BE77-4A06-AE5A-2B38A2C06C69}"
EndProject
Project("{FAE04EC0-301F-11D3-BF4B-00C04F79EFBC}") = "domain", "src\core\domain\domain.csproj", "{3AA6F3D0-2FA0-4A9A-90BB-A3227A5E565C}"
EndProject
Project("{2150E333-8FDC-42A3-9474-1A3956D46DE8}") = "Infrastructure", "Infrastructure", "{CEC45287-53BE-4831-ACD0-3015F32C0AA6}"
EndProject
Project("{FAE04EC0-301F-11D3-BF4B-00C04F79EFBC}") = "EntityFrameworkCore", "src\infrastructure\EntityFrameworkCore\EntityFrameworkCore.csproj", "{35F1D4BA-1DAB-4B58-BD4B-632D5509DA4E}"
EndProject
Project("{FAE04EC0-301F-11D3-BF4B-00C04F79EFBC}") = "application", "src\core\application\application.csproj", "{9302F5C9-A753-47BA-9FA9-338723E6C802}"
EndProject
Project("{2150E333-8FDC-42A3-9474-1A3956D46DE8}") = "API", "API", "{4E9BC131-035E-4BE2-AB65-21C69EDDEE8F}"
EndProject
Project("{FAE04EC0-301F-11D3-BF4B-00C04F79EFBC}") = "WebAPI", "src\API\WebAPI\WebAPI.csproj", "{4760154C-11DA-42F0-8B1C-850AB77C423A}"
EndProject
Project("{2150E333-8FDC-42A3-9474-1A3956D46DE8}") = "Tests", "Tests", "{53FFB77A-6D43-4948-A092-F65F28DE8081}"
EndProject
Project("{FAE04EC0-301F-11D3-BF4B-00C04F79EFBC}") = "UnitTests", "src\Tests\UnitTests\UnitTests.csproj", "{4FDDFA35-4602-4357-A93A-230D4B8D7BE9}"
EndProject
Global
	GlobalSection(SolutionConfigurationPlatforms) = preSolution
		Debug|Any CPU = Debug|Any CPU
		Release|Any CPU = Release|Any CPU
	EndGlobalSection
	GlobalSection(NestedProjects) = preSolution
		{A2448AE7-0E25-488D-A211-0850447CD262} = {505917C3-4C1E-4552-B174-2584B36867B0}
		{C07502A9-BE77-4A06-AE5A-2B38A2C06C69} = {A2448AE7-0E25-488D-A211-0850447CD262}
		{6B5B3C19-39D5-48FB-A6FB-BE6E832522FC} = {C07502A9-BE77-4A06-AE5A-2B38A2C06C69}
		{3AA6F3D0-2FA0-4A9A-90BB-A3227A5E565C} = {A2448AE7-0E25-488D-A211-0850447CD262}
		{CEC45287-53BE-4831-ACD0-3015F32C0AA6} = {505917C3-4C1E-4552-B174-2584B36867B0}
		{35F1D4BA-1DAB-4B58-BD4B-632D5509DA4E} = {CEC45287-53BE-4831-ACD0-3015F32C0AA6}
		{9302F5C9-A753-47BA-9FA9-338723E6C802} = {A2448AE7-0E25-488D-A211-0850447CD262}
		{4E9BC131-035E-4BE2-AB65-21C69EDDEE8F} = {505917C3-4C1E-4552-B174-2584B36867B0}
		{4760154C-11DA-42F0-8B1C-850AB77C423A} = {4E9BC131-035E-4BE2-AB65-21C69EDDEE8F}
		{53FFB77A-6D43-4948-A092-F65F28DE8081} = {505917C3-4C1E-4552-B174-2584B36867B0}
		{4FDDFA35-4602-4357-A93A-230D4B8D7BE9} = {53FFB77A-6D43-4948-A092-F65F28DE8081}
	EndGlobalSection
	GlobalSection(ProjectConfigurationPlatforms) = postSolution
		{6B5B3C19-39D5-48FB-A6FB-BE6E832522FC}.Debug|Any CPU.ActiveCfg = Debug|Any CPU
		{6B5B3C19-39D5-48FB-A6FB-BE6E832522FC}.Debug|Any CPU.Build.0 = Debug|Any CPU
		{6B5B3C19-39D5-48FB-A6FB-BE6E832522FC}.Release|Any CPU.ActiveCfg = Release|Any CPU
		{6B5B3C19-39D5-48FB-A6FB-BE6E832522FC}.Release|Any CPU.Build.0 = Release|Any CPU
		{3AA6F3D0-2FA0-4A9A-90BB-A3227A5E565C}.Debug|Any CPU.ActiveCfg = Debug|Any CPU
		{3AA6F3D0-2FA0-4A9A-90BB-A3227A5E565C}.Debug|Any CPU.Build.0 = Debug|Any CPU
		{3AA6F3D0-2FA0-4A9A-90BB-A3227A5E565C}.Release|Any CPU.ActiveCfg = Release|Any CPU
		{3AA6F3D0-2FA0-4A9A-90BB-A3227A5E565C}.Release|Any CPU.Build.0 = Release|Any CPU
		{35F1D4BA-1DAB-4B58-BD4B-632D5509DA4E}.Debug|Any CPU.ActiveCfg = Debug|Any CPU
		{35F1D4BA-1DAB-4B58-BD4B-632D5509DA4E}.Debug|Any CPU.Build.0 = Debug|Any CPU
		{35F1D4BA-1DAB-4B58-BD4B-632D5509DA4E}.Release|Any CPU.ActiveCfg = Release|Any CPU
		{35F1D4BA-1DAB-4B58-BD4B-632D5509DA4E}.Release|Any CPU.Build.0 = Release|Any CPU
		{9302F5C9-A753-47BA-9FA9-338723E6C802}.Debug|Any CPU.ActiveCfg = Debug|Any CPU
		{9302F5C9-A753-47BA-9FA9-338723E6C802}.Debug|Any CPU.Build.0 = Debug|Any CPU
		{9302F5C9-A753-47BA-9FA9-338723E6C802}.Release|Any CPU.ActiveCfg = Release|Any CPU
		{9302F5C9-A753-47BA-9FA9-338723E6C802}.Release|Any CPU.Build.0 = Release|Any CPU
		{4760154C-11DA-42F0-8B1C-850AB77C423A}.Debug|Any CPU.ActiveCfg = Debug|Any CPU
		{4760154C-11DA-42F0-8B1C-850AB77C423A}.Debug|Any CPU.Build.0 = Debug|Any CPU
		{4760154C-11DA-42F0-8B1C-850AB77C423A}.Release|Any CPU.ActiveCfg = Release|Any CPU
		{4760154C-11DA-42F0-8B1C-850AB77C423A}.Release|Any CPU.Build.0 = Release|Any CPU
		{4FDDFA35-4602-4357-A93A-230D4B8D7BE9}.Debug|Any CPU.ActiveCfg = Debug|Any CPU
		{4FDDFA35-4602-4357-A93A-230D4B8D7BE9}.Debug|Any CPU.Build.0 = Debug|Any CPU
		{4FDDFA35-4602-4357-A93A-230D4B8D7BE9}.Release|Any CPU.ActiveCfg = Release|Any CPU
		{4FDDFA35-4602-4357-A93A-230D4B8D7BE9}.Release|Any CPU.Build.0 = Release|Any CPU
	EndGlobalSection
EndGlobal
